
Microsoft Visual Studio Solution File, Format Version 12.00
# Visual Studio Version 17
VisualStudioVersion = 17.6.33723.286
MinimumVisualStudioVersion = 10.0.40219.1
Project("{FAE04EC0-301F-11D3-BF4B-00C04F79EFBC}") = "SistemaInventario", "SistemaInventario\SistemaInventario.csproj", "{BDEEFC1E-1F5A-4442-9C26-C6E7359D9805}"
EndProject
Global
	GlobalSection(SolutionConfigurationPlatforms) = preSolution
		Debug|Any CPU = Debug|Any CPU
		Release|Any CPU = Release|Any CPU
	EndGlobalSection
	GlobalSection(ProjectConfigurationPlatforms) = postSolution
		{BDEEFC1E-1F5A-4442-9C26-C6E7359D9805}.Debug|Any CPU.ActiveCfg = Debug|Any CPU
		{BDEEFC1E-1F5A-4442-9C26-C6E7359D9805}.Debug|Any CPU.Build.0 = Debug|Any CPU
		{BDEEFC1E-1F5A-4442-9C26-C6E7359D9805}.Release|Any CPU.ActiveCfg = Release|Any CPU
		{BDEEFC1E-1F5A-4442-9C26-C6E7359D9805}.Release|Any CPU.Build.0 = Release|Any CPU
	EndGlobalSection
	GlobalSection(SolutionProperties) = preSolution
		HideSolutionNode = FALSE
	EndGlobalSection
	GlobalSection(ExtensibilityGlobals) = postSolution
		SolutionGuid = {761063C2-FA6E-4177-95BB-7874750B2C36}
	EndGlobalSection
EndGlobal
