
Microsoft Visual Studio Solution File, Format Version 12.00
# Visual Studio Version 17
VisualStudioVersion = 17.6.33723.286
MinimumVisualStudioVersion = 10.0.40219.1
Project("{9A19103F-16F7-4668-BE54-9A1E7A4F7556}") = "SistemaInventario", "SistemaInventario\SistemaInventario.csproj", "{BDEEFC1E-1F5A-4442-9C26-C6E7359D9805}"
EndProject
Project("{FAE04EC0-301F-11D3-BF4B-00C04F79EFBC}") = "SistemaI.AccesoDatos", "SistemaI.AccesoDatos\SistemaI.AccesoDatos.csproj", "{5C406D75-C789-4367-84FA-CF55A15BFE80}"
EndProject
Project("{FAE04EC0-301F-11D3-BF4B-00C04F79EFBC}") = "SistemaI.Modelos", "SistemaI.Modelos\SistemaI.Modelos.csproj", "{2D98F6CB-2371-4A67-BB28-227780E8CDD5}"
EndProject
Project("{FAE04EC0-301F-11D3-BF4B-00C04F79EFBC}") = "SistemaI.Utilidades", "SistemaI.Utilidades\SistemaI.Utilidades.csproj", "{3B332BBB-C757-41E5-86BE-911DD4AF9865}"
EndProject
Global
	GlobalSection(SolutionConfigurationPlatforms) = preSolution
		Debug|Any CPU = Debug|Any CPU
		Release|Any CPU = Release|Any CPU
	EndGlobalSection
	GlobalSection(ProjectConfigurationPlatforms) = postSolution
		{BDEEFC1E-1F5A-4442-9C26-C6E7359D9805}.Debug|Any CPU.ActiveCfg = Debug|Any CPU
		{BDEEFC1E-1F5A-4442-9C26-C6E7359D9805}.Debug|Any CPU.Build.0 = Debug|Any CPU
		{BDEEFC1E-1F5A-4442-9C26-C6E7359D9805}.Release|Any CPU.ActiveCfg = Release|Any CPU
		{BDEEFC1E-1F5A-4442-9C26-C6E7359D9805}.Release|Any CPU.Build.0 = Release|Any CPU
		{5C406D75-C789-4367-84FA-CF55A15BFE80}.Debug|Any CPU.ActiveCfg = Debug|Any CPU
		{5C406D75-C789-4367-84FA-CF55A15BFE80}.Debug|Any CPU.Build.0 = Debug|Any CPU
		{5C406D75-C789-4367-84FA-CF55A15BFE80}.Release|Any CPU.ActiveCfg = Release|Any CPU
		{5C406D75-C789-4367-84FA-CF55A15BFE80}.Release|Any CPU.Build.0 = Release|Any CPU
		{2D98F6CB-2371-4A67-BB28-227780E8CDD5}.Debug|Any CPU.ActiveCfg = Debug|Any CPU
		{2D98F6CB-2371-4A67-BB28-227780E8CDD5}.Debug|Any CPU.Build.0 = Debug|Any CPU
		{2D98F6CB-2371-4A67-BB28-227780E8CDD5}.Release|Any CPU.ActiveCfg = Release|Any CPU
		{2D98F6CB-2371-4A67-BB28-227780E8CDD5}.Release|Any CPU.Build.0 = Release|Any CPU
		{3B332BBB-C757-41E5-86BE-911DD4AF9865}.Debug|Any CPU.ActiveCfg = Debug|Any CPU
		{3B332BBB-C757-41E5-86BE-911DD4AF9865}.Debug|Any CPU.Build.0 = Debug|Any CPU
		{3B332BBB-C757-41E5-86BE-911DD4AF9865}.Release|Any CPU.ActiveCfg = Release|Any CPU
		{3B332BBB-C757-41E5-86BE-911DD4AF9865}.Release|Any CPU.Build.0 = Release|Any CPU
	EndGlobalSection
	GlobalSection(SolutionProperties) = preSolution
		HideSolutionNode = FALSE
	EndGlobalSection
	GlobalSection(ExtensibilityGlobals) = postSolution
		SolutionGuid = {761063C2-FA6E-4177-95BB-7874750B2C36}
	EndGlobalSection
EndGlobal
